
Microsoft Visual Studio Solution File, Format Version 12.00
# Visual Studio Version 17
VisualStudioVersion = 17.2.32414.248
MinimumVisualStudioVersion = 10.0.40219.1
Project("{9A19103F-16F7-4668-BE54-9A1E7A4F7556}") = "Ates.Tool", "src\Ates.Tool\Ates.Tool.csproj", "{75F860B7-74B9-41E7-AE4A-373ED19F5AC0}"
EndProject
Project("{9A19103F-16F7-4668-BE54-9A1E7A4F7556}") = "Ates.Tool.Test", "test\Ates.Tool.Test\Ates.Tool.Test.csproj", "{150C0470-C1F4-473A-B1E9-88167E3A575D}"
EndProject
Project("{9A19103F-16F7-4668-BE54-9A1E7A4F7556}") = "Ates", "src\Ates\Ates.csproj", "{6A2F0E84-05C1-4AA1-8E54-C3B5D7D4BD37}"
EndProject
Project("{FAE04EC0-301F-11D3-BF4B-00C04F79EFBC}") = "Ates.Datas", "src\Ates.Datas\Ates.Datas.csproj", "{81154ABA-241C-438F-B7AD-A7347E4A0A57}"
EndProject
Project("{FAE04EC0-301F-11D3-BF4B-00C04F79EFBC}") = "Ates.Datas.Test", "test\Ates.Datas.Test\Ates.Datas.Test.csproj", "{D1B9B36D-CB14-48AE-83EE-4D1C379395E4}"
EndProject
Global
	GlobalSection(SolutionConfigurationPlatforms) = preSolution
		Debug|Any CPU = Debug|Any CPU
		Release|Any CPU = Release|Any CPU
	EndGlobalSection
	GlobalSection(ProjectConfigurationPlatforms) = postSolution
		{75F860B7-74B9-41E7-AE4A-373ED19F5AC0}.Debug|Any CPU.ActiveCfg = Debug|Any CPU
		{75F860B7-74B9-41E7-AE4A-373ED19F5AC0}.Debug|Any CPU.Build.0 = Debug|Any CPU
		{75F860B7-74B9-41E7-AE4A-373ED19F5AC0}.Release|Any CPU.ActiveCfg = Release|Any CPU
		{75F860B7-74B9-41E7-AE4A-373ED19F5AC0}.Release|Any CPU.Build.0 = Release|Any CPU
		{150C0470-C1F4-473A-B1E9-88167E3A575D}.Debug|Any CPU.ActiveCfg = Debug|Any CPU
		{150C0470-C1F4-473A-B1E9-88167E3A575D}.Debug|Any CPU.Build.0 = Debug|Any CPU
		{150C0470-C1F4-473A-B1E9-88167E3A575D}.Release|Any CPU.ActiveCfg = Release|Any CPU
		{150C0470-C1F4-473A-B1E9-88167E3A575D}.Release|Any CPU.Build.0 = Release|Any CPU
		{6A2F0E84-05C1-4AA1-8E54-C3B5D7D4BD37}.Debug|Any CPU.ActiveCfg = Debug|Any CPU
		{6A2F0E84-05C1-4AA1-8E54-C3B5D7D4BD37}.Debug|Any CPU.Build.0 = Debug|Any CPU
		{6A2F0E84-05C1-4AA1-8E54-C3B5D7D4BD37}.Release|Any CPU.ActiveCfg = Release|Any CPU
		{6A2F0E84-05C1-4AA1-8E54-C3B5D7D4BD37}.Release|Any CPU.Build.0 = Release|Any CPU
		{81154ABA-241C-438F-B7AD-A7347E4A0A57}.Debug|Any CPU.ActiveCfg = Debug|Any CPU
		{81154ABA-241C-438F-B7AD-A7347E4A0A57}.Debug|Any CPU.Build.0 = Debug|Any CPU
		{81154ABA-241C-438F-B7AD-A7347E4A0A57}.Release|Any CPU.ActiveCfg = Release|Any CPU
		{81154ABA-241C-438F-B7AD-A7347E4A0A57}.Release|Any CPU.Build.0 = Release|Any CPU
		{D1B9B36D-CB14-48AE-83EE-4D1C379395E4}.Debug|Any CPU.ActiveCfg = Debug|Any CPU
		{D1B9B36D-CB14-48AE-83EE-4D1C379395E4}.Debug|Any CPU.Build.0 = Debug|Any CPU
		{D1B9B36D-CB14-48AE-83EE-4D1C379395E4}.Release|Any CPU.ActiveCfg = Release|Any CPU
		{D1B9B36D-CB14-48AE-83EE-4D1C379395E4}.Release|Any CPU.Build.0 = Release|Any CPU
	EndGlobalSection
	GlobalSection(SolutionProperties) = preSolution
		HideSolutionNode = FALSE
	EndGlobalSection
	GlobalSection(ExtensibilityGlobals) = postSolution
		SolutionGuid = {994330C7-8F8C-4C73-8EEF-881DF9E4A98B}
	EndGlobalSection
EndGlobal
